// !$*UTF8*$!
{
	archiveVersion = 1;
	classes = {
	};
	objectVersion = 50;
	objects = {

/* Begin PBXBuildFile section */
		2227A41222B2937700642FA6 /* AppDelegate.swift in Sources */ = {isa = PBXBuildFile; fileRef = 2227A41122B2937700642FA6 /* AppDelegate.swift */; };
		2227A41422B2937700642FA6 /* ViewController.swift in Sources */ = {isa = PBXBuildFile; fileRef = 2227A41322B2937700642FA6 /* ViewController.swift */; };
		2227A41722B2937700642FA6 /* Main.storyboard in Resources */ = {isa = PBXBuildFile; fileRef = 2227A41522B2937700642FA6 /* Main.storyboard */; };
		2227A41922B2937900642FA6 /* Assets.xcassets in Resources */ = {isa = PBXBuildFile; fileRef = 2227A41822B2937900642FA6 /* Assets.xcassets */; };
		2227A41C22B2937900642FA6 /* LaunchScreen.storyboard in Resources */ = {isa = PBXBuildFile; fileRef = 2227A41A22B2937900642FA6 /* LaunchScreen.storyboard */; };
		2227A42522B2957B00642FA6 /* LocationTransform.swift in Sources */ = {isa = PBXBuildFile; fileRef = 2227A42422B2957B00642FA6 /* LocationTransform.swift */; };
/* End PBXBuildFile section */

/* Begin PBXFileReference section */
		2227A40E22B2937700642FA6 /* DingTalkingExtension.app */ = {isa = PBXFileReference; explicitFileType = wrapper.application; includeInIndex = 0; path = DingTalkingExtension.app; sourceTree = BUILT_PRODUCTS_DIR; };
		2227A41122B2937700642FA6 /* AppDelegate.swift */ = {isa = PBXFileReference; lastKnownFileType = sourcecode.swift; path = AppDelegate.swift; sourceTree = "<group>"; };
		2227A41322B2937700642FA6 /* ViewController.swift */ = {isa = PBXFileReference; lastKnownFileType = sourcecode.swift; path = ViewController.swift; sourceTree = "<group>"; };
		2227A41622B2937700642FA6 /* Base */ = {isa = PBXFileReference; lastKnownFileType = file.storyboard; name = Base; path = Base.lproj/Main.storyboard; sourceTree = "<group>"; };
		2227A41822B2937900642FA6 /* Assets.xcassets */ = {isa = PBXFileReference; lastKnownFileType = folder.assetcatalog; path = Assets.xcassets; sourceTree = "<group>"; };
		2227A41B22B2937900642FA6 /* Base */ = {isa = PBXFileReference; lastKnownFileType = file.storyboard; name = Base; path = Base.lproj/LaunchScreen.storyboard; sourceTree = "<group>"; };
		2227A41D22B2937900642FA6 /* Info.plist */ = {isa = PBXFileReference; lastKnownFileType = text.plist.xml; path = Info.plist; sourceTree = "<group>"; };
		2227A42322B293C700642FA6 /* Location.gpx */ = {isa = PBXFileReference; lastKnownFileType = text.xml; path = Location.gpx; sourceTree = "<group>"; };
		2227A42422B2957B00642FA6 /* LocationTransform.swift */ = {isa = PBXFileReference; lastKnownFileType = sourcecode.swift; path = LocationTransform.swift; sourceTree = "<group>"; };
/* End PBXFileReference section */

/* Begin PBXFrameworksBuildPhase section */
		2227A40B22B2937700642FA6 /* Frameworks */ = {
			isa = PBXFrameworksBuildPhase;
			buildActionMask = 2147483647;
			files = (
			);
			runOnlyForDeploymentPostprocessing = 0;
		};
/* End PBXFrameworksBuildPhase section */

/* Begin PBXGroup section */
		2227A40522B2937700642FA6 = {
			isa = PBXGroup;
			children = (
				2227A41022B2937700642FA6 /* DingTalkingExtension */,
				2227A40F22B2937700642FA6 /* Products */,
			);
			sourceTree = "<group>";
		};
		2227A40F22B2937700642FA6 /* Products */ = {
			isa = PBXGroup;
			children = (
				2227A40E22B2937700642FA6 /* DingTalkingExtension.app */,
			);
			name = Products;
			sourceTree = "<group>";
		};
		2227A41022B2937700642FA6 /* DingTalkingExtension */ = {
			isa = PBXGroup;
			children = (
				2227A41122B2937700642FA6 /* AppDelegate.swift */,
				2227A41322B2937700642FA6 /* ViewController.swift */,
				2227A41522B2937700642FA6 /* Main.storyboard */,
				2227A41822B2937900642FA6 /* Assets.xcassets */,
				2227A41A22B2937900642FA6 /* LaunchScreen.storyboard */,
				2227A41D22B2937900642FA6 /* Info.plist */,
				2227A42322B293C700642FA6 /* Location.gpx */,
				2227A42422B2957B00642FA6 /* LocationTransform.swift */,
			);
			path = DingTalkingExtension;
			sourceTree = "<group>";
		};
/* End PBXGroup section */

/* Begin PBXNativeTarget section */
		2227A40D22B2937700642FA6 /* DingTalkingExtension */ = {
			isa = PBXNativeTarget;
			buildConfigurationList = 2227A42022B2937900642FA6 /* Build configuration list for PBXNativeTarget "DingTalkingExtension" */;
			buildPhases = (
				2227A40A22B2937700642FA6 /* Sources */,
				2227A40B22B2937700642FA6 /* Frameworks */,
				2227A40C22B2937700642FA6 /* Resources */,
			);
			buildRules = (
			);
			dependencies = (
			);
			name = DingTalkingExtension;
			productName = DingTalkingExtension;
			productReference = 2227A40E22B2937700642FA6 /* DingTalkingExtension.app */;
			productType = "com.apple.product-type.application";
		};
/* End PBXNativeTarget section */

/* Begin PBXProject section */
		2227A40622B2937700642FA6 /* Project object */ = {
			isa = PBXProject;
			attributes = {
				LastSwiftUpdateCheck = 1010;
				LastUpgradeCheck = 1010;
				ORGANIZATIONNAME = nilhy;
				TargetAttributes = {
					2227A40D22B2937700642FA6 = {
						CreatedOnToolsVersion = 10.1;
					};
				};
			};
			buildConfigurationList = 2227A40922B2937700642FA6 /* Build configuration list for PBXProject "DingTalkingExtension" */;
			compatibilityVersion = "Xcode 9.3";
			developmentRegion = en;
			hasScannedForEncodings = 0;
			knownRegions = (
				en,
				Base,
			);
			mainGroup = 2227A40522B2937700642FA6;
			productRefGroup = 2227A40F22B2937700642FA6 /* Products */;
			projectDirPath = "";
			projectRoot = "";
			targets = (
				2227A40D22B2937700642FA6 /* DingTalkingExtension */,
			);
		};
/* End PBXProject section */

/* Begin PBXResourcesBuildPhase section */
		2227A40C22B2937700642FA6 /* Resources */ = {
			isa = PBXResourcesBuildPhase;
			buildActionMask = 2147483647;
			files = (
				2227A41C22B2937900642FA6 /* LaunchScreen.storyboard in Resources */,
				2227A41922B2937900642FA6 /* Assets.xcassets in Resources */,
				2227A41722B2937700642FA6 /* Main.storyboard in Resources */,
			);
			runOnlyForDeploymentPostprocessing = 0;
		};
/* End PBXResourcesBuildPhase section */

/* Begin PBXSourcesBuildPhase section */
		2227A40A22B2937700642FA6 /* Sources */ = {
			isa = PBXSourcesBuildPhase;
			buildActionMask = 2147483647;
			files = (
				2227A41422B2937700642FA6 /* ViewController.swift in Sources */,
				2227A41222B2937700642FA6 /* AppDelegate.swift in Sources */,
				2227A42522B2957B00642FA6 /* LocationTransform.swift in Sources */,
			);
			runOnlyForDeploymentPostprocessing = 0;
		};
/* End PBXSourcesBuildPhase section */

/* Begin PBXVariantGroup section */
		2227A41522B2937700642FA6 /* Main.storyboard */ = {
			isa = PBXVariantGroup;
			children = (
				2227A41622B2937700642FA6 /* Base */,
			);
			name = Main.storyboard;
			sourceTree = "<group>";
		};
		2227A41A22B2937900642FA6 /* LaunchScreen.storyboard */ = {
			isa = PBXVariantGroup;
			children = (
				2227A41B22B2937900642FA6 /* Base */,
			);
			name = LaunchScreen.storyboard;
			sourceTree = "<group>";
		};
/* End PBXVariantGroup section */

/* Begin XCBuildConfiguration section */
		2227A41E22B2937900642FA6 /* Debug */ = {
			isa = XCBuildConfiguration;
			buildSettings = {
				ALWAYS_SEARCH_USER_PATHS = NO;
				CLANG_ANALYZER_NONNULL = YES;
				CLANG_ANALYZER_NUMBER_OBJECT_CONVERSION = YES_AGGRESSIVE;
				CLANG_CXX_LANGUAGE_STANDARD = "gnu++14";
				CLANG_CXX_LIBRARY = "libc++";
				CLANG_ENABLE_MODULES = YES;
				CLANG_ENABLE_OBJC_ARC = YES;
				CLANG_ENABLE_OBJC_WEAK = YES;
				CLANG_WARN_BLOCK_CAPTURE_AUTORELEASING = YES;
				CLANG_WARN_BOOL_CONVERSION = YES;
				CLANG_WARN_COMMA = YES;
				CLANG_WARN_CONSTANT_CONVERSION = YES;
				CLANG_WARN_DEPRECATED_OBJC_IMPLEMENTATIONS = YES;
				CLANG_WARN_DIRECT_OBJC_ISA_USAGE = YES_ERROR;
				CLANG_WARN_DOCUMENTATION_COMMENTS = YES;
				CLANG_WARN_EMPTY_BODY = YES;
				CLANG_WARN_ENUM_CONVERSION = YES;
				CLANG_WARN_INFINITE_RECURSION = YES;
				CLANG_WARN_INT_CONVERSION = YES;
				CLANG_WARN_NON_LITERAL_NULL_CONVERSION = YES;
				CLANG_WARN_OBJC_IMPLICIT_RETAIN_SELF = YES;
				CLANG_WARN_OBJC_LITERAL_CONVERSION = YES;
				CLANG_WARN_OBJC_ROOT_CLASS = YES_ERROR;
				CLANG_WARN_RANGE_LOOP_ANALYSIS = YES;
				CLANG_WARN_STRICT_PROTOTYPES = YES;
				CLANG_WARN_SUSPICIOUS_MOVE = YES;
				CLANG_WARN_UNGUARDED_AVAILABILITY = YES_AGGRESSIVE;
				CLANG_WARN_UNREACHABLE_CODE = YES;
				CLANG_WARN__DUPLICATE_METHOD_MATCH = YES;
				CODE_SIGN_IDENTITY = "iPhone Developer";
				COPY_PHASE_STRIP = NO;
				DEBUG_INFORMATION_FORMAT = dwarf;
				ENABLE_STRICT_OBJC_MSGSEND = YES;
				ENABLE_TESTABILITY = YES;
				GCC_C_LANGUAGE_STANDARD = gnu11;
				GCC_DYNAMIC_NO_PIC = NO;
				GCC_NO_COMMON_BLOCKS = YES;
				GCC_OPTIMIZATION_LEVEL = 0;
				GCC_PREPROCESSOR_DEFINITIONS = (
					"DEBUG=1",
					"$(inherited)",
				);
				GCC_WARN_64_TO_32_BIT_CONVERSION = YES;
				GCC_WARN_ABOUT_RETURN_TYPE = YES_ERROR;
				GCC_WARN_UNDECLARED_SELECTOR = YES;
				GCC_WARN_UNINITIALIZED_AUTOS = YES_AGGRESSIVE;
				GCC_WARN_UNUSED_FUNCTION = YES;
				GCC_WARN_UNUSED_VARIABLE = YES;
				IPHONEOS_DEPLOYMENT_TARGET = 12.1;
				MTL_ENABLE_DEBUG_INFO = INCLUDE_SOURCE;
				MTL_FAST_MATH = YES;
				ONLY_ACTIVE_ARCH = YES;
				SDKROOT = iphoneos;
				SWIFT_ACTIVE_COMPILATION_CONDITIONS = DEBUG;
				SWIFT_OPTIMIZATION_LEVEL = "-Onone";
			};
			name = Debug;
		};
		2227A41F22B2937900642FA6 /* Release */ = {
			isa = XCBuildConfiguration;
			buildSettings = {
				ALWAYS_SEARCH_USER_PATHS = NO;
				CLANG_ANALYZER_NONNULL = YES;
				CLANG_ANALYZER_NUMBER_OBJECT_CONVERSION = YES_AGGRESSIVE;
				CLANG_CXX_LANGUAGE_STANDARD = "gnu++14";
				CLANG_CXX_LIBRARY = "libc++";
				CLANG_ENABLE_MODULES = YES;
				CLANG_ENABLE_OBJC_ARC = YES;
				CLANG_ENABLE_OBJC_WEAK = YES;
				CLANG_WARN_BLOCK_CAPTURE_AUTORELEASING = YES;
				CLANG_WARN_BOOL_CONVERSION = YES;
				CLANG_WARN_COMMA = YES;
				CLANG_WARN_CONSTANT_CONVERSION = YES;
				CLANG_WARN_DEPRECATED_OBJC_IMPLEMENTATIONS = YES;
				CLANG_WARN_DIRECT_OBJC_ISA_USAGE = YES_ERROR;
				CLANG_WARN_DOCUMENTATION_COMMENTS = YES;
				CLANG_WARN_EMPTY_BODY = YES;
				CLANG_WARN_ENUM_CONVERSION = YES;
				CLANG_WARN_INFINITE_RECURSION = YES;
				CLANG_WARN_INT_CONVERSION = YES;
				CLANG_WARN_NON_LITERAL_NULL_CONVERSION = YES;
				CLANG_WARN_OBJC_IMPLICIT_RETAIN_SELF = YES;
				CLANG_WARN_OBJC_LITERAL_CONVERSION = YES;
				CLANG_WARN_OBJC_ROOT_CLASS = YES_ERROR;
				CLANG_WARN_RANGE_LOOP_ANALYSIS = YES;
				CLANG_WARN_STRICT_PROTOTYPES = YES;
				CLANG_WARN_SUSPICIOUS_MOVE = YES;
				CLANG_WARN_UNGUARDED_AVAILABILITY = YES_AGGRESSIVE;
				CLANG_WARN_UNREACHABLE_CODE = YES;
				CLANG_WARN__DUPLICATE_METHOD_MATCH = YES;
				CODE_SIGN_IDENTITY = "iPhone Developer";
				COPY_PHASE_STRIP = NO;
				DEBUG_INFORMATION_FORMAT = "dwarf-with-dsym";
				ENABLE_NS_ASSERTIONS = NO;
				ENABLE_STRICT_OBJC_MSGSEND = YES;
				GCC_C_LANGUAGE_STANDARD = gnu11;
				GCC_NO_COMMON_BLOCKS = YES;
				GCC_WARN_64_TO_32_BIT_CONVERSION = YES;
				GCC_WARN_ABOUT_RETURN_TYPE = YES_ERROR;
				GCC_WARN_UNDECLARED_SELECTOR = YES;
				GCC_WARN_UNINITIALIZED_AUTOS = YES_AGGRESSIVE;
				GCC_WARN_UNUSED_FUNCTION = YES;
				GCC_WARN_UNUSED_VARIABLE = YES;
				IPHONEOS_DEPLOYMENT_TARGET = 12.1;
				MTL_ENABLE_DEBUG_INFO = NO;
				MTL_FAST_MATH = YES;
				SDKROOT = iphoneos;
				SWIFT_COMPILATION_MODE = wholemodule;
				SWIFT_OPTIMIZATION_LEVEL = "-O";
				VALIDATE_PRODUCT = YES;
			};
			name = Release;
		};
		2227A42122B2937900642FA6 /* Debug */ = {
			isa = XCBuildConfiguration;
			buildSettings = {
				ASSETCATALOG_COMPILER_APPICON_NAME = AppIcon;
				CODE_SIGN_STYLE = Automatic;
				DEVELOPMENT_TEAM = RBS48D93C6;
				INFOPLIST_FILE = DingTalkingExtension/Info.plist;
				IPHONEOS_DEPLOYMENT_TARGET = 9.0;
				LD_RUNPATH_SEARCH_PATHS = (
					"$(inherited)",
					"@executable_path/Frameworks",
				);
				PRODUCT_BUNDLE_IDENTIFIER = nilhy.DingTalkingExtension;
				PRODUCT_NAME = "$(TARGET_NAME)";
				SWIFT_VERSION = 4.2;
				TARGETED_DEVICE_FAMILY = 1;
			};
			name = Debug;
		};
		2227A42222B2937900642FA6 /* Release */ = {
			isa = XCBuildConfiguration;
			buildSettings = {
				ASSETCATALOG_COMPILER_APPICON_NAME = AppIcon;
				CODE_SIGN_STYLE = Automatic;
				DEVELOPMENT_TEAM = RBS48D93C6;
				INFOPLIST_FILE = DingTalkingExtension/Info.plist;
				IPHONEOS_DEPLOYMENT_TARGET = 9.0;
				LD_RUNPATH_SEARCH_PATHS = (
					"$(inherited)",
					"@executable_path/Frameworks",
				);
				PRODUCT_BUNDLE_IDENTIFIER = nilhy.DingTalkingExtension;
				PRODUCT_NAME = "$(TARGET_NAME)";
				SWIFT_VERSION = 4.2;
				TARGETED_DEVICE_FAMILY = 1;
			};
			name = Release;
		};
/* End XCBuildConfiguration section */

/* Begin XCConfigurationList section */
		2227A40922B2937700642FA6 /* Build configuration list for PBXProject "DingTalkingExtension" */ = {
			isa = XCConfigurationList;
			buildConfigurations = (
				2227A41E22B2937900642FA6 /* Debug */,
				2227A41F22B2937900642FA6 /* Release */,
			);
			defaultConfigurationIsVisible = 0;
			defaultConfigurationName = Release;
		};
		2227A42022B2937900642FA6 /* Build configuration list for PBXNativeTarget "DingTalkingExtension" */ = {
			isa = XCConfigurationList;
			buildConfigurations = (
				2227A42122B2937900642FA6 /* Debug */,
				2227A42222B2937900642FA6 /* Release */,
			);
			defaultConfigurationIsVisible = 0;
			defaultConfigurationName = Release;
		};
/* End XCConfigurationList section */
	};
	rootObject = 2227A40622B2937700642FA6 /* Project object */;
}
